
Microsoft Visual Studio Solution File, Format Version 12.00
# Visual Studio Version 16
VisualStudioVersion = 16.0.31702.278
MinimumVisualStudioVersion = 10.0.40219.1
Project("{FAE04EC0-301F-11D3-BF4B-00C04F79EFBC}") = "sendevents", "sendevents\sendevents.csproj", "{56C18089-0235-4BB1-8397-D75E65BC28C1}"
EndProject
Global
	GlobalSection(SolutionConfigurationPlatforms) = preSolution
		Debug|Any CPU = Debug|Any CPU
		Release|Any CPU = Release|Any CPU
	EndGlobalSection
	GlobalSection(ProjectConfigurationPlatforms) = postSolution
		{56C18089-0235-4BB1-8397-D75E65BC28C1}.Debug|Any CPU.ActiveCfg = Debug|Any CPU
		{56C18089-0235-4BB1-8397-D75E65BC28C1}.Debug|Any CPU.Build.0 = Debug|Any CPU
		{56C18089-0235-4BB1-8397-D75E65BC28C1}.Release|Any CPU.ActiveCfg = Release|Any CPU
		{56C18089-0235-4BB1-8397-D75E65BC28C1}.Release|Any CPU.Build.0 = Release|Any CPU
	EndGlobalSection
	GlobalSection(SolutionProperties) = preSolution
		HideSolutionNode = FALSE
	EndGlobalSection
	GlobalSection(ExtensibilityGlobals) = postSolution
		SolutionGuid = {D92F8679-14E0-4B2E-987B-44F6344125E9}
	EndGlobalSection
EndGlobal
